lockfileVersion: '9.0'

settings:
  autoInstallPeers: true
  excludeLinksFromLockfile: false

importers:

  .: {}

  packages/ui:
    dependencies:
      lucide-static:
        specifier: ^1.24.0
        version: 1.24.0

packages:

  lucide-static@1.24.0:
    resolution: {integrity: sha512-NDSgPb/RWllI9QooPbGXfQCXQi/45oquDmtljeN3qVxqfEUf91uM2C4zijy8bs+pEWxKckA0/WZLZT43YD4Xnw==}

snapshots:

  lucide-static@1.24.0: {}
